// !$*UTF8*$!
{
	archiveVersion = 1;
	classes = {
	};
	objectVersion = 52;
	objects = {

/* Begin PBXBuildFile section */
		1F9D2884250AB19000994CFC /* ProfileViewController.swift in Sources */ = {isa = PBXBuildFile; fileRef = 1F9D2883250AB19000994CFC /* ProfileViewController.swift */; };
		1F9D2887250AE05C00994CFC /* Player.swift in Sources */ = {isa = PBXBuildFile; fileRef = 1F9D2886250AE05C00994CFC /* Player.swift */; };
		1F9D288A250AF1AC00994CFC /* Kingfisher in Frameworks */ = {isa = PBXBuildFile; productRef = 1F9D2889250AF1AC00994CFC /* Kingfisher */; };
		1FD719F6250980B5001A12C9 /* AppDelegate.swift in Sources */ = {isa = PBXBuildFile; fileRef = 1FD719F5250980B5001A12C9 /* AppDelegate.swift */; };
		1FD719F8250980B5001A12C9 /* SceneDelegate.swift in Sources */ = {isa = PBXBuildFile; fileRef = 1FD719F7250980B5001A12C9 /* SceneDelegate.swift */; };
		1FD719FF250980B7001A12C9 /* Assets.xcassets in Resources */ = {isa = PBXBuildFile; fileRef = 1FD719FE250980B7001A12C9 /* Assets.xcassets */; };
		1FD71A02250980B7001A12C9 /* LaunchScreen.storyboard in Resources */ = {isa = PBXBuildFile; fileRef = 1FD71A00250980B7001A12C9 /* LaunchScreen.storyboard */; };
		1FD71A0C25098149001A12C9 /* OSLog+Extension.swift in Sources */ = {isa = PBXBuildFile; fileRef = 1FD71A0B25098149001A12C9 /* OSLog+Extension.swift */; };
		1FD71A0F2509815F001A12C9 /* Players.swift in Sources */ = {isa = PBXBuildFile; fileRef = 1FD71A0E2509815F001A12C9 /* Players.swift */; };
		1FD71A1225098176001A12C9 /* Title.swift in Sources */ = {isa = PBXBuildFile; fileRef = 1FD71A1125098176001A12C9 /* Title.swift */; };
		1FD71A1525098191001A12C9 /* Network.swift in Sources */ = {isa = PBXBuildFile; fileRef = 1FD71A1425098191001A12C9 /* Network.swift */; };
		1FD71A18250981AD001A12C9 /* HomeViewController.swift in Sources */ = {isa = PBXBuildFile; fileRef = 1FD71A17250981AD001A12C9 /* HomeViewController.swift */; };
		1FD71A1A250981C2001A12C9 /* TabBarViewController.swift in Sources */ = {isa = PBXBuildFile; fileRef = 1FD71A19250981C2001A12C9 /* TabBarViewController.swift */; };
		1FD71A1C250981D9001A12C9 /* PlayersTableViewController.swift in Sources */ = {isa = PBXBuildFile; fileRef = 1FD71A1B250981D9001A12C9 /* PlayersTableViewController.swift */; };
/* End PBXBuildFile section */

/* Begin PBXFileReference section */
		1F9D2883250AB19000994CFC /* ProfileViewController.swift */ = {isa = PBXFileReference; lastKnownFileType = sourcecode.swift; path = ProfileViewController.swift; sourceTree = "<group>"; };
		1F9D2886250AE05C00994CFC /* Player.swift */ = {isa = PBXFileReference; lastKnownFileType = sourcecode.swift; path = Player.swift; sourceTree = "<group>"; };
		1FD719F2250980B5001A12C9 /* Chess Profiles.app */ = {isa = PBXFileReference; explicitFileType = wrapper.application; includeInIndex = 0; path = "Chess Profiles.app"; sourceTree = BUILT_PRODUCTS_DIR; };
		1FD719F5250980B5001A12C9 /* AppDelegate.swift */ = {isa = PBXFileReference; lastKnownFileType = sourcecode.swift; path = AppDelegate.swift; sourceTree = "<group>"; };
		1FD719F7250980B5001A12C9 /* SceneDelegate.swift */ = {isa = PBXFileReference; lastKnownFileType = sourcecode.swift; path = SceneDelegate.swift; sourceTree = "<group>"; };
		1FD719FE250980B7001A12C9 /* Assets.xcassets */ = {isa = PBXFileReference; lastKnownFileType = folder.assetcatalog; path = Assets.xcassets; sourceTree = "<group>"; };
		1FD71A01250980B7001A12C9 /* Base */ = {isa = PBXFileReference; lastKnownFileType = file.storyboard; name = Base; path = Base.lproj/LaunchScreen.storyboard; sourceTree = "<group>"; };
		1FD71A03250980B7001A12C9 /* Info.plist */ = {isa = PBXFileReference; lastKnownFileType = text.plist.xml; path = Info.plist; sourceTree = "<group>"; };
		1FD71A0B25098149001A12C9 /* OSLog+Extension.swift */ = {isa = PBXFileReference; lastKnownFileType = sourcecode.swift; path = "OSLog+Extension.swift"; sourceTree = "<group>"; };
		1FD71A0E2509815F001A12C9 /* Players.swift */ = {isa = PBXFileReference; lastKnownFileType = sourcecode.swift; path = Players.swift; sourceTree = "<group>"; };
		1FD71A1125098176001A12C9 /* Title.swift */ = {isa = PBXFileReference; lastKnownFileType = sourcecode.swift; path = Title.swift; sourceTree = "<group>"; };
		1FD71A1425098191001A12C9 /* Network.swift */ = {isa = PBXFileReference; lastKnownFileType = sourcecode.swift; path = Network.swift; sourceTree = "<group>"; };
		1FD71A17250981AD001A12C9 /* HomeViewController.swift */ = {isa = PBXFileReference; lastKnownFileType = sourcecode.swift; path = HomeViewController.swift; sourceTree = "<group>"; };
		1FD71A19250981C2001A12C9 /* TabBarViewController.swift */ = {isa = PBXFileReference; lastKnownFileType = sourcecode.swift; path = TabBarViewController.swift; sourceTree = "<group>"; };
		1FD71A1B250981D9001A12C9 /* PlayersTableViewController.swift */ = {isa = PBXFileReference; lastKnownFileType = sourcecode.swift; path = PlayersTableViewController.swift; sourceTree = "<group>"; };
/* End PBXFileReference section */

/* Begin PBXFrameworksBuildPhase section */
		1FD719EF250980B5001A12C9 /* Frameworks */ = {
			isa = PBXFrameworksBuildPhase;
			buildActionMask = 2147483647;
			files = (
				1F9D288A250AF1AC00994CFC /* Kingfisher in Frameworks */,
			);
			runOnlyForDeploymentPostprocessing = 0;
		};
/* End PBXFrameworksBuildPhase section */

/* Begin PBXGroup section */
		1FD719E9250980B5001A12C9 = {
			isa = PBXGroup;
			children = (
				1FD719F4250980B5001A12C9 /* ChessProfiles */,
				1FD719F3250980B5001A12C9 /* Products */,
			);
			sourceTree = "<group>";
		};
		1FD719F3250980B5001A12C9 /* Products */ = {
			isa = PBXGroup;
			children = (
				1FD719F2250980B5001A12C9 /* Chess Profiles.app */,
			);
			name = Products;
			sourceTree = "<group>";
		};
		1FD719F4250980B5001A12C9 /* ChessProfiles */ = {
			isa = PBXGroup;
			children = (
				1FD71A16250981A3001A12C9 /* Controllers */,
				1FD71A132509818A001A12C9 /* Services */,
				1FD71A102509816B001A12C9 /* Enums */,
				1FD71A0D25098157001A12C9 /* Models */,
				1FD71A0A25098135001A12C9 /* Extensions */,
				1FD71A09250980E3001A12C9 /* Support */,
			);
			path = ChessProfiles;
			sourceTree = "<group>";
		};
		1FD71A09250980E3001A12C9 /* Support */ = {
			isa = PBXGroup;
			children = (
				1FD719F5250980B5001A12C9 /* AppDelegate.swift */,
				1FD719F7250980B5001A12C9 /* SceneDelegate.swift */,
				1FD719FE250980B7001A12C9 /* Assets.xcassets */,
				1FD71A00250980B7001A12C9 /* LaunchScreen.storyboard */,
				1FD71A03250980B7001A12C9 /* Info.plist */,
			);
			path = Support;
			sourceTree = "<group>";
		};
		1FD71A0A25098135001A12C9 /* Extensions */ = {
			isa = PBXGroup;
			children = (
				1FD71A0B25098149001A12C9 /* OSLog+Extension.swift */,
			);
			path = Extensions;
			sourceTree = "<group>";
		};
		1FD71A0D25098157001A12C9 /* Models */ = {
			isa = PBXGroup;
			children = (
				1FD71A0E2509815F001A12C9 /* Players.swift */,
				1F9D2886250AE05C00994CFC /* Player.swift */,
			);
			path = Models;
			sourceTree = "<group>";
		};
		1FD71A102509816B001A12C9 /* Enums */ = {
			isa = PBXGroup;
			children = (
				1FD71A1125098176001A12C9 /* Title.swift */,
			);
			path = Enums;
			sourceTree = "<group>";
		};
		1FD71A132509818A001A12C9 /* Services */ = {
			isa = PBXGroup;
			children = (
				1FD71A1425098191001A12C9 /* Network.swift */,
			);
			path = Services;
			sourceTree = "<group>";
		};
		1FD71A16250981A3001A12C9 /* Controllers */ = {
			isa = PBXGroup;
			children = (
				1FD71A17250981AD001A12C9 /* HomeViewController.swift */,
				1FD71A19250981C2001A12C9 /* TabBarViewController.swift */,
				1FD71A1B250981D9001A12C9 /* PlayersTableViewController.swift */,
				1F9D2883250AB19000994CFC /* ProfileViewController.swift */,
			);
			path = Controllers;
			sourceTree = "<group>";
		};
/* End PBXGroup section */

/* Begin PBXNativeTarget section */
		1FD719F1250980B5001A12C9 /* ChessProfiles */ = {
			isa = PBXNativeTarget;
			buildConfigurationList = 1FD71A06250980B7001A12C9 /* Build configuration list for PBXNativeTarget "ChessProfiles" */;
			buildPhases = (
				1FD719EE250980B5001A12C9 /* Sources */,
				1FD719EF250980B5001A12C9 /* Frameworks */,
				1FD719F0250980B5001A12C9 /* Resources */,
			);
			buildRules = (
			);
			dependencies = (
			);
			name = ChessProfiles;
			packageProductDependencies = (
				1F9D2889250AF1AC00994CFC /* Kingfisher */,
			);
			productName = ChessProfiles;
			productReference = 1FD719F2250980B5001A12C9 /* Chess Profiles.app */;
			productType = "com.apple.product-type.application";
		};
/* End PBXNativeTarget section */

/* Begin PBXProject section */
		1FD719EA250980B5001A12C9 /* Project object */ = {
			isa = PBXProject;
			attributes = {
				LastSwiftUpdateCheck = 1170;
				LastUpgradeCheck = 1170;
				ORGANIZATIONNAME = "Shawn Bierman";
				TargetAttributes = {
					1FD719F1250980B5001A12C9 = {
						CreatedOnToolsVersion = 11.7;
					};
				};
			};
			buildConfigurationList = 1FD719ED250980B5001A12C9 /* Build configuration list for PBXProject "ChessProfiles" */;
			compatibilityVersion = "Xcode 9.3";
			developmentRegion = en;
			hasScannedForEncodings = 0;
			knownRegions = (
				en,
				Base,
			);
			mainGroup = 1FD719E9250980B5001A12C9;
			packageReferences = (
				1F9D2888250AF1AC00994CFC /* XCRemoteSwiftPackageReference "Kingfisher" */,
			);
			productRefGroup = 1FD719F3250980B5001A12C9 /* Products */;
			projectDirPath = "";
			projectRoot = "";
			targets = (
				1FD719F1250980B5001A12C9 /* ChessProfiles */,
			);
		};
/* End PBXProject section */

/* Begin PBXResourcesBuildPhase section */
		1FD719F0250980B5001A12C9 /* Resources */ = {
			isa = PBXResourcesBuildPhase;
			buildActionMask = 2147483647;
			files = (
				1FD71A02250980B7001A12C9 /* LaunchScreen.storyboard in Resources */,
				1FD719FF250980B7001A12C9 /* Assets.xcassets in Resources */,
			);
			runOnlyForDeploymentPostprocessing = 0;
		};
/* End PBXResourcesBuildPhase section */

/* Begin PBXSourcesBuildPhase section */
		1FD719EE250980B5001A12C9 /* Sources */ = {
			isa = PBXSourcesBuildPhase;
			buildActionMask = 2147483647;
			files = (
				1F9D2887250AE05C00994CFC /* Player.swift in Sources */,
				1FD71A1A250981C2001A12C9 /* TabBarViewController.swift in Sources */,
				1FD71A1225098176001A12C9 /* Title.swift in Sources */,
				1F9D2884250AB19000994CFC /* ProfileViewController.swift in Sources */,
				1FD71A0F2509815F001A12C9 /* Players.swift in Sources */,
				1FD71A1525098191001A12C9 /* Network.swift in Sources */,
				1FD71A0C25098149001A12C9 /* OSLog+Extension.swift in Sources */,
				1FD719F6250980B5001A12C9 /* AppDelegate.swift in Sources */,
				1FD71A18250981AD001A12C9 /* HomeViewController.swift in Sources */,
				1FD719F8250980B5001A12C9 /* SceneDelegate.swift in Sources */,
				1FD71A1C250981D9001A12C9 /* PlayersTableViewController.swift in Sources */,
			);
			runOnlyForDeploymentPostprocessing = 0;
		};
/* End PBXSourcesBuildPhase section */

/* Begin PBXVariantGroup section */
		1FD71A00250980B7001A12C9 /* LaunchScreen.storyboard */ = {
			isa = PBXVariantGroup;
			children = (
				1FD71A01250980B7001A12C9 /* Base */,
			);
			name = LaunchScreen.storyboard;
			sourceTree = "<group>";
		};
/* End PBXVariantGroup section */

/* Begin XCBuildConfiguration section */
		1FD71A04250980B7001A12C9 /* Debug */ = {
			isa = XCBuildConfiguration;
			buildSettings = {
				ALWAYS_SEARCH_USER_PATHS = NO;
				CLANG_ANALYZER_NONNULL = YES;
				CLANG_ANALYZER_NUMBER_OBJECT_CONVERSION = YES_AGGRESSIVE;
				CLANG_CXX_LANGUAGE_STANDARD = "gnu++14";
				CLANG_CXX_LIBRARY = "libc++";
				CLANG_ENABLE_MODULES = YES;
				CLANG_ENABLE_OBJC_ARC = YES;
				CLANG_ENABLE_OBJC_WEAK = YES;
				CLANG_WARN_BLOCK_CAPTURE_AUTORELEASING = YES;
				CLANG_WARN_BOOL_CONVERSION = YES;
				CLANG_WARN_COMMA = YES;
				CLANG_WARN_CONSTANT_CONVERSION = YES;
				CLANG_WARN_DEPRECATED_OBJC_IMPLEMENTATIONS = YES;
				CLANG_WARN_DIRECT_OBJC_ISA_USAGE = YES_ERROR;
				CLANG_WARN_DOCUMENTATION_COMMENTS = YES;
				CLANG_WARN_EMPTY_BODY = YES;
				CLANG_WARN_ENUM_CONVERSION = YES;
				CLANG_WARN_INFINITE_RECURSION = YES;
				CLANG_WARN_INT_CONVERSION = YES;
				CLANG_WARN_NON_LITERAL_NULL_CONVERSION = YES;
				CLANG_WARN_OBJC_IMPLICIT_RETAIN_SELF = YES;
				CLANG_WARN_OBJC_LITERAL_CONVERSION = YES;
				CLANG_WARN_OBJC_ROOT_CLASS = YES_ERROR;
				CLANG_WARN_RANGE_LOOP_ANALYSIS = YES;
				CLANG_WARN_STRICT_PROTOTYPES = YES;
				CLANG_WARN_SUSPICIOUS_MOVE = YES;
				CLANG_WARN_UNGUARDED_AVAILABILITY = YES_AGGRESSIVE;
				CLANG_WARN_UNREACHABLE_CODE = YES;
				CLANG_WARN__DUPLICATE_METHOD_MATCH = YES;
				COPY_PHASE_STRIP = NO;
				DEBUG_INFORMATION_FORMAT = dwarf;
				ENABLE_STRICT_OBJC_MSGSEND = YES;
				ENABLE_TESTABILITY = YES;
				GCC_C_LANGUAGE_STANDARD = gnu11;
				GCC_DYNAMIC_NO_PIC = NO;
				GCC_NO_COMMON_BLOCKS = YES;
				GCC_OPTIMIZATION_LEVEL = 0;
				GCC_PREPROCESSOR_DEFINITIONS = (
					"DEBUG=1",
					"$(inherited)",
				);
				GCC_WARN_64_TO_32_BIT_CONVERSION = YES;
				GCC_WARN_ABOUT_RETURN_TYPE = YES_ERROR;
				GCC_WARN_UNDECLARED_SELECTOR = YES;
				GCC_WARN_UNINITIALIZED_AUTOS = YES_AGGRESSIVE;
				GCC_WARN_UNUSED_FUNCTION = YES;
				GCC_WARN_UNUSED_VARIABLE = YES;
				IPHONEOS_DEPLOYMENT_TARGET = 13.7;
				MTL_ENABLE_DEBUG_INFO = INCLUDE_SOURCE;
				MTL_FAST_MATH = YES;
				ONLY_ACTIVE_ARCH = YES;
				SDKROOT = iphoneos;
				SWIFT_ACTIVE_COMPILATION_CONDITIONS = DEBUG;
				SWIFT_OPTIMIZATION_LEVEL = "-Onone";
			};
			name = Debug;
		};
		1FD71A05250980B7001A12C9 /* Release */ = {
			isa = XCBuildConfiguration;
			buildSettings = {
				ALWAYS_SEARCH_USER_PATHS = NO;
				CLANG_ANALYZER_NONNULL = YES;
				CLANG_ANALYZER_NUMBER_OBJECT_CONVERSION = YES_AGGRESSIVE;
				CLANG_CXX_LANGUAGE_STANDARD = "gnu++14";
				CLANG_CXX_LIBRARY = "libc++";
				CLANG_ENABLE_MODULES = YES;
				CLANG_ENABLE_OBJC_ARC = YES;
				CLANG_ENABLE_OBJC_WEAK = YES;
				CLANG_WARN_BLOCK_CAPTURE_AUTORELEASING = YES;
				CLANG_WARN_BOOL_CONVERSION = YES;
				CLANG_WARN_COMMA = YES;
				CLANG_WARN_CONSTANT_CONVERSION = YES;
				CLANG_WARN_DEPRECATED_OBJC_IMPLEMENTATIONS = YES;
				CLANG_WARN_DIRECT_OBJC_ISA_USAGE = YES_ERROR;
				CLANG_WARN_DOCUMENTATION_COMMENTS = YES;
				CLANG_WARN_EMPTY_BODY = YES;
				CLANG_WARN_ENUM_CONVERSION = YES;
				CLANG_WARN_INFINITE_RECURSION = YES;
				CLANG_WARN_INT_CONVERSION = YES;
				CLANG_WARN_NON_LITERAL_NULL_CONVERSION = YES;
				CLANG_WARN_OBJC_IMPLICIT_RETAIN_SELF = YES;
				CLANG_WARN_OBJC_LITERAL_CONVERSION = YES;
				CLANG_WARN_OBJC_ROOT_CLASS = YES_ERROR;
				CLANG_WARN_RANGE_LOOP_ANALYSIS = YES;
				CLANG_WARN_STRICT_PROTOTYPES = YES;
				CLANG_WARN_SUSPICIOUS_MOVE = YES;
				CLANG_WARN_UNGUARDED_AVAILABILITY = YES_AGGRESSIVE;
				CLANG_WARN_UNREACHABLE_CODE = YES;
				CLANG_WARN__DUPLICATE_METHOD_MATCH = YES;
				COPY_PHASE_STRIP = NO;
				DEBUG_INFORMATION_FORMAT = "dwarf-with-dsym";
				ENABLE_NS_ASSERTIONS = NO;
				ENABLE_STRICT_OBJC_MSGSEND = YES;
				GCC_C_LANGUAGE_STANDARD = gnu11;
				GCC_NO_COMMON_BLOCKS = YES;
				GCC_WARN_64_TO_32_BIT_CONVERSION = YES;
				GCC_WARN_ABOUT_RETURN_TYPE = YES_ERROR;
				GCC_WARN_UNDECLARED_SELECTOR = YES;
				GCC_WARN_UNINITIALIZED_AUTOS = YES_AGGRESSIVE;
				GCC_WARN_UNUSED_FUNCTION = YES;
				GCC_WARN_UNUSED_VARIABLE = YES;
				IPHONEOS_DEPLOYMENT_TARGET = 13.7;
				MTL_ENABLE_DEBUG_INFO = NO;
				MTL_FAST_MATH = YES;
				SDKROOT = iphoneos;
				SWIFT_COMPILATION_MODE = wholemodule;
				SWIFT_OPTIMIZATION_LEVEL = "-O";
				VALIDATE_PRODUCT = YES;
			};
			name = Release;
		};
		1FD71A07250980B7001A12C9 /* Debug */ = {
			isa = XCBuildConfiguration;
			buildSettings = {
				ASSETCATALOG_COMPILER_APPICON_NAME = AppIcon;
				CODE_SIGN_STYLE = Automatic;
				DEVELOPMENT_TEAM = TQPTGGXQ34;
				INFOPLIST_FILE = ChessProfiles/Support/Info.plist;
				LD_RUNPATH_SEARCH_PATHS = (
					"$(inherited)",
					"@executable_path/Frameworks",
				);
				PRODUCT_BUNDLE_IDENTIFIER = com.shawnbierman.ChessProfiles;
				PRODUCT_NAME = "Chess Profiles";
				SWIFT_VERSION = 5.0;
				TARGETED_DEVICE_FAMILY = "1,2";
			};
			name = Debug;
		};
		1FD71A08250980B7001A12C9 /* Release */ = {
			isa = XCBuildConfiguration;
			buildSettings = {
				ASSETCATALOG_COMPILER_APPICON_NAME = AppIcon;
				CODE_SIGN_STYLE = Automatic;
				DEVELOPMENT_TEAM = TQPTGGXQ34;
				INFOPLIST_FILE = ChessProfiles/Support/Info.plist;
				LD_RUNPATH_SEARCH_PATHS = (
					"$(inherited)",
					"@executable_path/Frameworks",
				);
				PRODUCT_BUNDLE_IDENTIFIER = com.shawnbierman.ChessProfiles;
				PRODUCT_NAME = "Chess Profiles";
				SWIFT_VERSION = 5.0;
				TARGETED_DEVICE_FAMILY = "1,2";
			};
			name = Release;
		};
/* End XCBuildConfiguration section */

/* Begin XCConfigurationList section */
		1FD719ED250980B5001A12C9 /* Build configuration list for PBXProject "ChessProfiles" */ = {
			isa = XCConfigurationList;
			buildConfigurations = (
				1FD71A04250980B7001A12C9 /* Debug */,
				1FD71A05250980B7001A12C9 /* Release */,
			);
			defaultConfigurationIsVisible = 0;
			defaultConfigurationName = Release;
		};
		1FD71A06250980B7001A12C9 /* Build configuration list for PBXNativeTarget "ChessProfiles" */ = {
			isa = XCConfigurationList;
			buildConfigurations = (
				1FD71A07250980B7001A12C9 /* Debug */,
				1FD71A08250980B7001A12C9 /* Release */,
			);
			defaultConfigurationIsVisible = 0;
			defaultConfigurationName = Release;
		};
/* End XCConfigurationList section */

/* Begin XCRemoteSwiftPackageReference section */
		1F9D2888250AF1AC00994CFC /* XCRemoteSwiftPackageReference "Kingfisher" */ = {
			isa = XCRemoteSwiftPackageReference;
			repositoryURL = "https://github.com/onevcat/Kingfisher.git";
			requirement = {
				kind = upToNextMinorVersion;
				minimumVersion = 5.15.0;
			};
		};
/* End XCRemoteSwiftPackageReference section */

/* Begin XCSwiftPackageProductDependency section */
		1F9D2889250AF1AC00994CFC /* Kingfisher */ = {
			isa = XCSwiftPackageProductDependency;
			package = 1F9D2888250AF1AC00994CFC /* XCRemoteSwiftPackageReference "Kingfisher" */;
			productName = Kingfisher;
		};
/* End XCSwiftPackageProductDependency section */
	};
	rootObject = 1FD719EA250980B5001A12C9 /* Project object */;
}
